
Microsoft Visual Studio Solution File, Format Version 12.00
# Visual Studio Version 17
VisualStudioVersion = 17.5.33516.290
MinimumVisualStudioVersion = 10.0.40219.1
Project("{FAE04EC0-301F-11D3-BF4B-00C04F79EFBC}") = "TutorSoSanh", "TutorSoSanh\TutorSoSanh.csproj", "{54414417-C228-4456-9422-45518A0A5AD3}"
EndProject
Project("{FAE04EC0-301F-11D3-BF4B-00C04F79EFBC}") = "XepSach", "XepSach\XepSach.csproj", "{95EB12A8-DADC-4B8C-B507-4994E2C11D76}"
EndProject
Global
	GlobalSection(SolutionConfigurationPlatforms) = preSolution
		Debug|Any CPU = Debug|Any CPU
		Release|Any CPU = Release|Any CPU
	EndGlobalSection
	GlobalSection(ProjectConfigurationPlatforms) = postSolution
		{54414417-C228-4456-9422-45518A0A5AD3}.Debug|Any CPU.ActiveCfg = Debug|Any CPU
		{54414417-C228-4456-9422-45518A0A5AD3}.Debug|Any CPU.Build.0 = Debug|Any CPU
		{54414417-C228-4456-9422-45518A0A5AD3}.Release|Any CPU.ActiveCfg = Release|Any CPU
		{54414417-C228-4456-9422-45518A0A5AD3}.Release|Any CPU.Build.0 = Release|Any CPU
		{95EB12A8-DADC-4B8C-B507-4994E2C11D76}.Debug|Any CPU.ActiveCfg = Debug|Any CPU
		{95EB12A8-DADC-4B8C-B507-4994E2C11D76}.Debug|Any CPU.Build.0 = Debug|Any CPU
		{95EB12A8-DADC-4B8C-B507-4994E2C11D76}.Release|Any CPU.ActiveCfg = Release|Any CPU
		{95EB12A8-DADC-4B8C-B507-4994E2C11D76}.Release|Any CPU.Build.0 = Release|Any CPU
	EndGlobalSection
	GlobalSection(SolutionProperties) = preSolution
		HideSolutionNode = FALSE
	EndGlobalSection
	GlobalSection(ExtensibilityGlobals) = postSolution
		SolutionGuid = {D00A6084-F0D9-4EDB-8E45-87A237D8FEF2}
	EndGlobalSection
EndGlobal
